
Microsoft Visual Studio Solution File, Format Version 12.00
# Visual Studio Version 17
VisualStudioVersion = 17.11.35327.3
MinimumVisualStudioVersion = 10.0.40219.1
Project("{9A19103F-16F7-4668-BE54-9A1E7A4F7556}") = "Michus", "Michus\Michus.csproj", "{D393CA57-6799-4480-8451-CA33C9C523B3}"
EndProject
Global
	GlobalSection(SolutionConfigurationPlatforms) = preSolution
		Debug|Any CPU = Debug|Any CPU
		Release|Any CPU = Release|Any CPU
	EndGlobalSection
	GlobalSection(ProjectConfigurationPlatforms) = postSolution
		{D393CA57-6799-4480-8451-CA33C9C523B3}.Debug|Any CPU.ActiveCfg = Debug|Any CPU
		{D393CA57-6799-4480-8451-CA33C9C523B3}.Debug|Any CPU.Build.0 = Debug|Any CPU
		{D393CA57-6799-4480-8451-CA33C9C523B3}.Release|Any CPU.ActiveCfg = Release|Any CPU
		{D393CA57-6799-4480-8451-CA33C9C523B3}.Release|Any CPU.Build.0 = Release|Any CPU
	EndGlobalSection
	GlobalSection(SolutionProperties) = preSolution
		HideSolutionNode = FALSE
	EndGlobalSection
	GlobalSection(ExtensibilityGlobals) = postSolution
		SolutionGuid = {2AC12D90-5E26-447D-88B6-1C3990B8EA8A}
	EndGlobalSection
EndGlobal
